
Microsoft Visual Studio Solution File, Format Version 12.00
# Visual Studio Version 17
VisualStudioVersion = 17.7.34221.43
MinimumVisualStudioVersion = 10.0.40219.1
Project("{FAE04EC0-301F-11D3-BF4B-00C04F79EFBC}") = "Bicola de salida restringida", "Bicola de salida restringida\Bicola de salida restringida.csproj", "{CDDEE53F-0AE8-44BB-9E6E-D4BFE7511B1F}"
EndProject
Global
	GlobalSection(SolutionConfigurationPlatforms) = preSolution
		Debug|Any CPU = Debug|Any CPU
		Release|Any CPU = Release|Any CPU
	EndGlobalSection
	GlobalSection(ProjectConfigurationPlatforms) = postSolution
		{CDDEE53F-0AE8-44BB-9E6E-D4BFE7511B1F}.Debug|Any CPU.ActiveCfg = Debug|Any CPU
		{CDDEE53F-0AE8-44BB-9E6E-D4BFE7511B1F}.Debug|Any CPU.Build.0 = Debug|Any CPU
		{CDDEE53F-0AE8-44BB-9E6E-D4BFE7511B1F}.Release|Any CPU.ActiveCfg = Release|Any CPU
		{CDDEE53F-0AE8-44BB-9E6E-D4BFE7511B1F}.Release|Any CPU.Build.0 = Release|Any CPU
	EndGlobalSection
	GlobalSection(SolutionProperties) = preSolution
		HideSolutionNode = FALSE
	EndGlobalSection
	GlobalSection(ExtensibilityGlobals) = postSolution
		SolutionGuid = {6A4AF5F6-98B3-489A-B833-1F780C6C478D}
	EndGlobalSection
EndGlobal
